// !$*UTF8*$!
{
  archiveVersion = 1;
  classes = {
  };
  objectVersion = 56;
  objects = {

    /* Begin PBXBuildFile section */
    E3C6097B8F54A12D /* AppStateManager.swift in Sources */ = {isa = PBXBuildFile; fileRef = 35EF9B8D1A40C627; };
    D18E90537264CAFB /* ControlView.swift in Sources */ = {isa = PBXBuildFile; fileRef = BDE48952AF36C107; };
    928F30ADE61C754B /* EVADataModels.swift in Sources */ = {isa = PBXBuildFile; fileRef = 7B506C1F8E2D349A; };
    C1042E537B6A8FD9 /* MainTabView.swift in Sources */ = {isa = PBXBuildFile; fileRef = BF01D29345867CAE; };
    243C8B5F60E971AD /* README.md in Sources */ = {isa = PBXBuildFile; fileRef = EFA7654832109CDB; };
    C93DB2417E0865AF /* GoodThenImTests.swift in Sources */ = {isa = PBXBuildFile; fileRef = 42FB8CD6073195AE; };
    841C60AB73FE295D /* GoodThenImUITests.swift in Sources */ = {isa = PBXBuildFile; fileRef = 7E1084CF625A39BD; };
    367E891CB042FA5D /* SwiftUI.framework in Frameworks */ = {isa = PBXBuildFile; fileRef = B53241ED079CFA86; };
    /* End PBXBuildFile section */

    /* Begin PBXFileReference section */
    613AF54C89E720BD /* GoodThenIm.app */ = {isa = PBXFileReference; explicitFileType = wrapper.application; includeInIndex = 0; path = "GoodThenIm.app"; sourceTree = BUILT_PRODUCTS_DIR; };
    35EF9B8D1A40C627 /* AppStateManager.swift */ = {isa = PBXFileReference; lastKnownFileType = sourcecode.swift; path = "AppStateManager.swift"; sourceTree = "<group>"; };
    BDE48952AF36C107 /* ControlView.swift */ = {isa = PBXFileReference; lastKnownFileType = sourcecode.swift; path = "ControlView.swift"; sourceTree = "<group>"; };
    7B506C1F8E2D349A /* EVADataModels.swift */ = {isa = PBXFileReference; lastKnownFileType = sourcecode.swift; path = "EVADataModels.swift"; sourceTree = "<group>"; };
    BF01D29345867CAE /* MainTabView.swift */ = {isa = PBXFileReference; lastKnownFileType = sourcecode.swift; path = "MainTabView.swift"; sourceTree = "<group>"; };
    EFA7654832109CDB /* README.md */ = {isa = PBXFileReference; lastKnownFileType = text.markdown; path = "README.md"; sourceTree = "<group>"; };
    42FB8CD6073195AE /* GoodThenImTests.swift */ = {isa = PBXFileReference; lastKnownFileType = sourcecode.swift; path = "GoodThenImTests.swift"; sourceTree = "<group>"; };
    7E1084CF625A39BD /* GoodThenImUITests.swift */ = {isa = PBXFileReference; lastKnownFileType = sourcecode.swift; path = "GoodThenImUITests.swift"; sourceTree = "<group>"; };
    763219C48A05EFBD /* GoodThenImTests.xctest */ = {isa = PBXFileReference; explicitFileType = wrapper.cfbundle; includeInIndex = 0; path = "GoodThenImTests.xctest"; sourceTree = BUILT_PRODUCTS_DIR; };
    8B7D6FA54E93210C /* GoodThenImUITests.xctest */ = {isa = PBXFileReference; explicitFileType = wrapper.cfbundle; includeInIndex = 0; path = "GoodThenImUITests.xctest"; sourceTree = BUILT_PRODUCTS_DIR; };
    B53241ED079CFA86 /* SwiftUI.framework */ = {isa = PBXFileReference; lastKnownFileType = wrapper.framework; name = SwiftUI.framework; path = System/Library/Frameworks/SwiftUI.framework; sourceTree = SDKROOT; };
    /* End PBXFileReference section */

    /* Begin PBXFrameworksBuildPhase section */
    5A9018CD372B4EF6 /* Frameworks */ = {
      isa = PBXFrameworksBuildPhase;
      buildActionMask = 2147483647;
      files = (
        367E891CB042FA5D /* SwiftUI.framework in Frameworks */
      );
      runOnlyForDeploymentPostprocessing = 0;
    };
    F50B467D319C28AE /* Frameworks */ = {
      isa = PBXFrameworksBuildPhase;
      buildActionMask = 2147483647;
      files = (
      );
      runOnlyForDeploymentPostprocessing = 0;
    };
    C9362841F07AED5B /* Frameworks */ = {
      isa = PBXFrameworksBuildPhase;
      buildActionMask = 2147483647;
      files = (
      );
      runOnlyForDeploymentPostprocessing = 0;
    };
    /* End PBXFrameworksBuildPhase section */

    /* Begin PBXGroup section */
    B30A74F816E2DC95 /* Main Group */ = {
      isa = PBXGroup;
      children = (
        89BDEACF30617542 /* GoodThenIm */,
        794CFD6A583E210B /* GoodThenImTests */,
        43E582AD6179F0BC /* GoodThenImUITests */,
        EA1459F807263BCD /* Products */
      );
      sourceTree = "<group>";
    };
    89BDEACF30617542 /* GoodThenIm */ = {
      isa = PBXGroup;
      children = (
        35EF9B8D1A40C627,
        BDE48952AF36C107,
        7B506C1F8E2D349A,
        BF01D29345867CAE,
        EFA7654832109CDB
      );
      path = "GoodThenIm";
      sourceTree = "<group>";
    };
    
    794CFD6A583E210B /* GoodThenImTests */ = {
      isa = PBXGroup;
      children = (
        42FB8CD6073195AE /* GoodThenImTests.swift */
      );
      path = "GoodThenImTests";
      sourceTree = "<group>";
    };
    43E582AD6179F0BC /* GoodThenImUITests */ = {
      isa = PBXGroup;
      children = (
        7E1084CF625A39BD /* GoodThenImUITests.swift */
      );
      path = "GoodThenImUITests";
      sourceTree = "<group>";
    };
    EA1459F807263BCD /* Products */ = {
      isa = PBXGroup;
      children = (
        613AF54C89E720BD /* GoodThenIm.app */,
        763219C48A05EFBD /* GoodThenImTests.xctest */,
        8B7D6FA54E93210C /* GoodThenImUITests.xctest */
      );
      name = Products;
      sourceTree = "<group>";
    };
    /* End PBXGroup section */

    /* Begin PBXNativeTarget section */
    06853BDECF12497A /* GoodThenIm */ = {
      isa = PBXNativeTarget;
      buildConfigurationList = 4732A1CB5E6DF980 /* Build configuration list for PBXNativeTarget "GoodThenIm" */;
      buildPhases = (
        E2359F87D1C06A4B /* Sources */,
        5A9018CD372B4EF6 /* Frameworks */
      );
      buildRules = (
      );
      dependencies = (
      );
      name = "GoodThenIm";
      productName = "GoodThenIm";
      productReference = 613AF54C89E720BD /* GoodThenIm.app */;
      productType = "com.apple.product-type.application";
    };
    24BFD390AE671C85 /* GoodThenImTests */ = {
      isa = PBXNativeTarget;
      buildConfigurationList = CB46801E325D97AF /* Build configuration list for PBXNativeTarget "GoodThenImTests" */;
      buildPhases = (
        E63258F14709ABCD /* Sources */,
        F50B467D319C28AE /* Frameworks */
      );
      buildRules = (
      );
      dependencies = (
        581EA9B0C7642F3D /* PBXTargetDependency */
      );
      name = "GoodThenImTests";
      productName = "GoodThenImTests";
      productReference = 763219C48A05EFBD /* GoodThenImTests.xctest */;
      productType = "com.apple.product-type.bundle.unit-test";
    };
    53B624879E1DA0CF /* GoodThenImUITests */ = {
      isa = PBXNativeTarget;
      buildConfigurationList = DA7B5EF982C01643 /* Build configuration list for PBXNativeTarget "GoodThenImUITests" */;
      buildPhases = (
        2D05487F631BC9AE /* Sources */,
        C9362841F07AED5B /* Frameworks */
      );
      buildRules = (
      );
      dependencies = (
        23910EAC786FB54D /* PBXTargetDependency */
      );
      name = "GoodThenImUITests";
      productName = "GoodThenImUITests";
      productReference = 8B7D6FA54E93210C /* GoodThenImUITests.xctest */;
      productType = "com.apple.product-type.bundle.ui-testing";
    };
    /* End PBXNativeTarget section */

    /* Begin PBXProject section */
    134B60A9FCED7825 /* Project object */ = {
      isa = PBXProject;
      attributes = {
        LastSwiftUpdateCheck = 1500;
        LastUpgradeCheck = 1500;
        TargetAttributes = {
          06853BDECF12497A = {
            CreatedOnToolsVersion = 15.0;
          };
          24BFD390AE671C85 = {
            CreatedOnToolsVersion = 15.0;
            TestTargetID = 06853BDECF12497A;
          };
          53B624879E1DA0CF = {
            CreatedOnToolsVersion = 15.0;
            TestTargetID = 06853BDECF12497A;
          };
        };
      };
      buildConfigurationList = 210CD3F495E6BA78 /* Build configuration list for PBXProject "GoodThenIm" */;
      compatibilityVersion = "Xcode 14.0";
      developmentRegion = en;
      hasScannedForEncodings = 0;
      knownRegions = (
        en,
        Base
      );
      mainGroup = B30A74F816E2DC95;
      productRefGroup = EA1459F807263BCD /* Products */;
      projectDirPath = "";
      projectRoot = "";
      targets = (
        06853BDECF12497A /* GoodThenIm */,
        24BFD390AE671C85 /* GoodThenImTests */,
        53B624879E1DA0CF /* GoodThenImUITests */
      );
    };
    /* End PBXProject section */

    /* Begin PBXSourcesBuildPhase section */
    E2359F87D1C06A4B /* Sources */ = {
      isa = PBXSourcesBuildPhase;
      buildActionMask = 2147483647;
      files = (
        E3C6097B8F54A12D,
        D18E90537264CAFB,
        928F30ADE61C754B,
        C1042E537B6A8FD9,
        243C8B5F60E971AD
      );
      runOnlyForDeploymentPostprocessing = 0;
    };
    E63258F14709ABCD /* Sources */ = {
      isa = PBXSourcesBuildPhase;
      buildActionMask = 2147483647;
      files = (
        C93DB2417E0865AF /* GoodThenImTests.swift in Sources */
      );
      runOnlyForDeploymentPostprocessing = 0;
    };
    2D05487F631BC9AE /* Sources */ = {
      isa = PBXSourcesBuildPhase;
      buildActionMask = 2147483647;
      files = (
        841C60AB73FE295D /* GoodThenImUITests.swift in Sources */
      );
      runOnlyForDeploymentPostprocessing = 0;
    };
    /* End PBXSourcesBuildPhase section */

    /* Begin PBXContainerItemProxy section */
    E83FA4279C6BD150 /* PBXContainerItemProxy */ = {
      isa = PBXContainerItemProxy;
      containerPortal = 134B60A9FCED7825 /* Project object */;
      proxyType = 1;
      remoteGlobalIDString = 06853BDECF12497A;
      remoteInfo = "GoodThenIm";
    };
    439526F18A7C0BDE /* PBXContainerItemProxy */ = {
      isa = PBXContainerItemProxy;
      containerPortal = 134B60A9FCED7825 /* Project object */;
      proxyType = 1;
      remoteGlobalIDString = 06853BDECF12497A;
      remoteInfo = "GoodThenIm";
    };
    /* End PBXContainerItemProxy section */

    /* Begin PBXTargetDependency section */
    581EA9B0C7642F3D /* PBXTargetDependency */ = {
      isa = PBXTargetDependency;
      target = 06853BDECF12497A /* GoodThenIm */;
      targetProxy = E83FA4279C6BD150 /* PBXContainerItemProxy */;
    };
    23910EAC786FB54D /* PBXTargetDependency */ = {
      isa = PBXTargetDependency;
      target = 06853BDECF12497A /* GoodThenIm */;
      targetProxy = 439526F18A7C0BDE /* PBXContainerItemProxy */;
    };
    /* End PBXTargetDependency section */

    /* Begin XCBuildConfiguration section */
    702B94D13CF856EA /* Debug */ = {
      isa = XCBuildConfiguration;
      buildSettings = {
        ALWAYS_SEARCH_USER_PATHS = NO;
        ASSETCATALOG_COMPILER_APPICON_NAME = AppIcon;
        ASSETCATALOG_COMPILER_GLOBAL_ACCENT_COLOR_NAME = AccentColor;
        CLANG_ANALYZER_NONNULL = YES;
        CLANG_ANALYZER_NUMBER_OBJECT_CONVERSION = YES_AGGRESSIVE;
        CLANG_CXX_LANGUAGE_STANDARD = "gnu++20";
        CLANG_ENABLE_MODULES = YES;
        CLANG_ENABLE_OBJC_ARC = YES;
        CLANG_ENABLE_OBJC_WEAK = YES;
        CODE_SIGN_STYLE = Automatic;
        CURRENT_PROJECT_VERSION = 1;
        DEVELOPMENT_ASSET_PATHS = "";
        DEVELOPMENT_TEAM = "";
        ENABLE_PREVIEWS = YES;
        ENABLE_STRICT_OBJC_MSGSEND = YES;
        ENABLE_TESTABILITY = YES;
        FRAMEWORK_SEARCH_PATHS = (
          "$(inherited)",
          "$(SDKROOT)/System/Library/Frameworks"
        );
        GCC_C_LANGUAGE_STANDARD = gnu11;
        GCC_DYNAMIC_NO_PIC = NO;
        GCC_NO_COMMON_BLOCKS = YES;
        GCC_OPTIMIZATION_LEVEL = 0;
        GCC_PREPROCESSOR_DEFINITIONS = (
          "DEBUG=1",
          "$(inherited)",
        );
        GENERATE_INFOPLIST_FILE = YES;
        INFOPLIST_KEY_UIApplicationSceneManifest_Generation = YES;
        INFOPLIST_KEY_UILaunchScreen_Generation = YES;
        IPHONEOS_DEPLOYMENT_TARGET = 15.0;
        LD_RUNPATH_SEARCH_PATHS = (
          "$(inherited)",
          "@executable_path/Frameworks",
        );
        MARKETING_VERSION = 1.0;
        MTL_ENABLE_DEBUG_INFO = INCLUDE_SOURCE;
        MTL_FAST_MATH = YES;
        ONLY_ACTIVE_ARCH = YES;
        PRODUCT_BUNDLE_IDENTIFIER = "com.example.goodthenim";
        PRODUCT_NAME = "$(TARGET_NAME)";
        SDKROOT = iphoneos;
        SUPPORTED_PLATFORMS = "iphoneos iphonesimulator";
        SUPPORTS_MACCATALYST = NO;
        SUPPORTS_MAC_DESIGNED_FOR_IPHONE_IPAD = NO;
        SWIFT_ACTIVE_COMPILATION_CONDITIONS = DEBUG;
        SWIFT_EMIT_LOC_STRINGS = YES;
        SWIFT_OPTIMIZATION_LEVEL = "-Onone";
        SWIFT_VERSION = 5.0;
        TARGETED_DEVICE_FAMILY = "1,2";
      };
      name = Debug;
    };
    A743F9CB6018D2E5 /* Release */ = {
      isa = XCBuildConfiguration;
      buildSettings = {
        ALWAYS_SEARCH_USER_PATHS = NO;
        ASSETCATALOG_COMPILER_APPICON_NAME = AppIcon;
        ASSETCATALOG_COMPILER_GLOBAL_ACCENT_COLOR_NAME = AccentColor;
        CLANG_ANALYZER_NONNULL = YES;
        CLANG_ANALYZER_NUMBER_OBJECT_CONVERSION = YES_AGGRESSIVE;
        CLANG_CXX_LANGUAGE_STANDARD = "gnu++20";
        CLANG_ENABLE_MODULES = YES;
        CLANG_ENABLE_OBJC_ARC = YES;
        CLANG_ENABLE_OBJC_WEAK = YES;
        CODE_SIGN_STYLE = Automatic;
        COPY_PHASE_STRIP = NO;
        CURRENT_PROJECT_VERSION = 1;
        DEVELOPMENT_ASSET_PATHS = "";
        DEVELOPMENT_TEAM = "";
        ENABLE_NS_ASSERTIONS = NO;
        ENABLE_PREVIEWS = YES;
        ENABLE_STRICT_OBJC_MSGSEND = YES;
        FRAMEWORK_SEARCH_PATHS = (
          "$(inherited)",
          "$(SDKROOT)/System/Library/Frameworks"
        );
        GCC_C_LANGUAGE_STANDARD = gnu11;
        GCC_NO_COMMON_BLOCKS = YES;
        GENERATE_INFOPLIST_FILE = YES;
        INFOPLIST_KEY_UIApplicationSceneManifest_Generation = YES;
        INFOPLIST_KEY_UILaunchScreen_Generation = YES;
        IPHONEOS_DEPLOYMENT_TARGET = 15.0;
        LD_RUNPATH_SEARCH_PATHS = (
          "$(inherited)",
          "@executable_path/Frameworks",
        );
        MARKETING_VERSION = 1.0;
        MTL_ENABLE_DEBUG_INFO = NO;
        MTL_FAST_MATH = YES;
        PRODUCT_BUNDLE_IDENTIFIER = "com.example.goodthenim";
        PRODUCT_NAME = "$(TARGET_NAME)";
        SDKROOT = iphoneos;
        SUPPORTED_PLATFORMS = "iphoneos iphonesimulator";
        SUPPORTS_MACCATALYST = NO;
        SUPPORTS_MAC_DESIGNED_FOR_IPHONE_IPAD = NO;
        SWIFT_COMPILATION_MODE = wholemodule;
        SWIFT_EMIT_LOC_STRINGS = YES;
        SWIFT_OPTIMIZATION_LEVEL = "-O";
        SWIFT_VERSION = 5.0;
        TARGETED_DEVICE_FAMILY = "1,2";
        VALIDATE_PRODUCT = YES;
      };
      name = Release;
    };
    B5E4F6910CA72D38 /* Debug */ = {
      isa = XCBuildConfiguration;
      buildSettings = {
        BUNDLE_LOADER = "$(TEST_HOST)";
        CODE_SIGN_STYLE = Automatic;
        CURRENT_PROJECT_VERSION = 1;
        GENERATE_INFOPLIST_FILE = YES;
        IPHONEOS_DEPLOYMENT_TARGET = 15.0;
        MARKETING_VERSION = 1.0;
        PRODUCT_BUNDLE_IDENTIFIER = "com.example.goodthenim.Tests";
        PRODUCT_NAME = "$(TARGET_NAME)";
        SDKROOT = iphoneos;
        SUPPORTED_PLATFORMS = "iphoneos iphonesimulator";
        SUPPORTS_MACCATALYST = NO;
        SUPPORTS_MAC_DESIGNED_FOR_IPHONE_IPAD = NO;
        SWIFT_EMIT_LOC_STRINGS = NO;
        SWIFT_VERSION = 5.0;
        TARGETED_DEVICE_FAMILY = "1,2";
        TEST_HOST = "$(BUILT_PRODUCTS_DIR)/GoodThenIm.app/$(BUNDLE_EXECUTABLE_FOLDER_PATH)/GoodThenIm";
      };
      name = Debug;
    };
    7A091BDE485FC236 /* Release */ = {
      isa = XCBuildConfiguration;
      buildSettings = {
        BUNDLE_LOADER = "$(TEST_HOST)";
        CODE_SIGN_STYLE = Automatic;
        CURRENT_PROJECT_VERSION = 1;
        GENERATE_INFOPLIST_FILE = YES;
        IPHONEOS_DEPLOYMENT_TARGET = 15.0;
        MARKETING_VERSION = 1.0;
        PRODUCT_BUNDLE_IDENTIFIER = "com.example.goodthenim.Tests";
        PRODUCT_NAME = "$(TARGET_NAME)";
        SDKROOT = iphoneos;
        SUPPORTED_PLATFORMS = "iphoneos iphonesimulator";
        SUPPORTS_MACCATALYST = NO;
        SUPPORTS_MAC_DESIGNED_FOR_IPHONE_IPAD = NO;
        SWIFT_EMIT_LOC_STRINGS = NO;
        SWIFT_VERSION = 5.0;
        TARGETED_DEVICE_FAMILY = "1,2";
        TEST_HOST = "$(BUILT_PRODUCTS_DIR)/GoodThenIm.app/$(BUNDLE_EXECUTABLE_FOLDER_PATH)/GoodThenIm";
        VALIDATE_PRODUCT = YES;
      };
      name = Release;
    };
    DFB2E07158469A3C /* Debug */ = {
      isa = XCBuildConfiguration;
      buildSettings = {
        CODE_SIGN_STYLE = Automatic;
        CURRENT_PROJECT_VERSION = 1;
        GENERATE_INFOPLIST_FILE = YES;
        MARKETING_VERSION = 1.0;
        PRODUCT_BUNDLE_IDENTIFIER = "com.example.goodthenim.UITests";
        PRODUCT_NAME = "$(TARGET_NAME)";
        SDKROOT = iphoneos;
        SUPPORTED_PLATFORMS = "iphoneos iphonesimulator";
        SUPPORTS_MACCATALYST = NO;
        SUPPORTS_MAC_DESIGNED_FOR_IPHONE_IPAD = NO;
        SWIFT_EMIT_LOC_STRINGS = NO;
        SWIFT_VERSION = 5.0;
        TARGETED_DEVICE_FAMILY = "1,2";
        TEST_TARGET_NAME = GoodThenIm;
      };
      name = Debug;
    };
    C3BAF2950D4E6187 /* Release */ = {
      isa = XCBuildConfiguration;
      buildSettings = {
        CODE_SIGN_STYLE = Automatic;
        CURRENT_PROJECT_VERSION = 1;
        GENERATE_INFOPLIST_FILE = YES;
        MARKETING_VERSION = 1.0;
        PRODUCT_BUNDLE_IDENTIFIER = "com.example.goodthenim.UITests";
        PRODUCT_NAME = "$(TARGET_NAME)";
        SDKROOT = iphoneos;
        SUPPORTED_PLATFORMS = "iphoneos iphonesimulator";
        SUPPORTS_MACCATALYST = NO;
        SUPPORTS_MAC_DESIGNED_FOR_IPHONE_IPAD = NO;
        SWIFT_EMIT_LOC_STRINGS = NO;
        SWIFT_VERSION = 5.0;
        TARGETED_DEVICE_FAMILY = "1,2";
        TEST_TARGET_NAME = GoodThenIm;
        VALIDATE_PRODUCT = YES;
      };
      name = Release;
    };
    /* End XCBuildConfiguration section */

    /* Begin XCConfigurationList section */
    210CD3F495E6BA78 /* Build configuration list for PBXProject "GoodThenIm" */ = {
      isa = XCConfigurationList;
      buildConfigurations = (
        702B94D13CF856EA /* Debug */,
        A743F9CB6018D2E5 /* Release */
      );
      defaultConfigurationIsVisible = 0;
      defaultConfigurationName = Release;
    };
    4732A1CB5E6DF980 /* Build configuration list for PBXNativeTarget "GoodThenIm" */ = {
      isa = XCConfigurationList;
      buildConfigurations = (
        702B94D13CF856EA /* Debug */,
        A743F9CB6018D2E5 /* Release */
      );
      defaultConfigurationIsVisible = 0;
      defaultConfigurationName = Release;
    };
    CB46801E325D97AF /* Build configuration list for PBXNativeTarget "GoodThenImTests" */ = {
      isa = XCConfigurationList;
      buildConfigurations = (
        B5E4F6910CA72D38 /* Debug */,
        7A091BDE485FC236 /* Release */
      );
      defaultConfigurationIsVisible = 0;
      defaultConfigurationName = Release;
    };
    DA7B5EF982C01643 /* Build configuration list for PBXNativeTarget "GoodThenImUITests" */ = {
      isa = XCConfigurationList;
      buildConfigurations = (
        DFB2E07158469A3C /* Debug */,
        C3BAF2950D4E6187 /* Release */
      );
      defaultConfigurationIsVisible = 0;
      defaultConfigurationName = Release;
    };
    /* End XCConfigurationList section */

  };
  rootObject = 134B60A9FCED7825 /* Project object */;
}
